{
    "name": "colorglyph-sdk",
    "version": "0.0.0",
    "lockfileVersion": 3,
    "requires": true,
    "packages": {
        "": {
            "name": "colorglyph-sdk",
            "version": "0.0.0",
            "dependencies": {
                "@stellar/freighter-api": "1.5.1",
                "buffer": "6.0.3",
                "soroban-client": "file:./js-soroban-client-1.0.0-beta.2"
            },
            "devDependencies": {
                "typescript": "5.1.6"
            }
        },
        "js-soroban-client-1.0.0-beta.2": {},
        "node_modules/@stellar/freighter-api": {
            "version": "1.5.1",
            "resolved": "https://registry.npmjs.org/@stellar/freighter-api/-/freighter-api-1.5.1.tgz",
            "integrity": "sha512-WEnKEqd+xVLnOq6bJv+fLXod8JQyPjzpOKTpH4g7tG9MM1fmXzD3y2SXJlpCIw8kVqtiC4ynWOlSWX+TKO7KiQ=="
        },
        "node_modules/base64-js": {
            "version": "1.5.1",
            "resolved": "https://registry.npmjs.org/base64-js/-/base64-js-1.5.1.tgz",
            "integrity": "sha512-AKpaYlHn8t4SVbOHCy+b5+KKgvR4vrsD8vbvrbiQJps7fKDTkjkDry6ji0rUJjC0kzbNePLwzxq8iypo41qeWA==",
            "funding": [
                {
                    "type": "github",
                    "url": "https://github.com/sponsors/feross"
                },
                {
                    "type": "patreon",
                    "url": "https://www.patreon.com/feross"
                },
                {
                    "type": "consulting",
                    "url": "https://feross.org/support"
                }
            ]
        },
        "node_modules/buffer": {
            "version": "6.0.3",
            "resolved": "https://registry.npmjs.org/buffer/-/buffer-6.0.3.tgz",
            "integrity": "sha512-FTiCpNxtwiZZHEZbcbTIcZjERVICn9yq/pDFkTl95/AxzD1naBctN7YO68riM/gLSDY7sdrMby8hofADYuuqOA==",
            "funding": [
                {
                    "type": "github",
                    "url": "https://github.com/sponsors/feross"
                },
                {
                    "type": "patreon",
                    "url": "https://www.patreon.com/feross"
                },
                {
                    "type": "consulting",
                    "url": "https://feross.org/support"
                }
            ],
            "dependencies": {
                "base64-js": "^1.3.1",
                "ieee754": "^1.2.1"
            }
        },
        "node_modules/ieee754": {
            "version": "1.2.1",
            "resolved": "https://registry.npmjs.org/ieee754/-/ieee754-1.2.1.tgz",
            "integrity": "sha512-dcyqhDvX1C46lXZcVqCpK+FtMRQVdIMN6/Df5js2zouUsqG7I6sFxitIC+7KYK29KdXOLHdu9zL4sFnoVQnqaA==",
            "funding": [
                {
                    "type": "github",
                    "url": "https://github.com/sponsors/feross"
                },
                {
                    "type": "patreon",
                    "url": "https://www.patreon.com/feross"
                },
                {
                    "type": "consulting",
                    "url": "https://feross.org/support"
                }
            ]
        },
        "node_modules/soroban-client": {
            "resolved": "js-soroban-client-1.0.0-beta.2",
            "link": true
        },
        "node_modules/typescript": {
            "version": "5.1.6",
            "resolved": "https://registry.npmjs.org/typescript/-/typescript-5.1.6.tgz",
            "integrity": "sha512-zaWCozRZ6DLEWAWFrVDz1H6FVXzUSfTy5FUMWsQlU8Ym5JP9eO4xkTIROFCQvhQf61z6O/G6ugw3SgAnvvm+HA==",
            "dev": true,
            "bin": {
                "tsc": "bin/tsc",
                "tsserver": "bin/tsserver"
            },
            "engines": {
                "node": ">=14.17"
            }
        }
    }
}
