{
    "name": "colorglyph-sdk",
    "version": "0.0.0",
    "lockfileVersion": 3,
    "requires": true,
    "packages": {
        "": {
            "name": "colorglyph-sdk",
            "version": "0.0.0",
            "dependencies": {
                "@stellar/freighter-api": "1.5.1",
                "buffer": "6.0.3",
                "stellar-sdk": "file:../js-stellar-sdk"
            },
            "devDependencies": {
                "typescript": "5.1.6"
            }
        },
        "../js-soroban-client-1.0.0-beta.3": {
            "name": "soroban-client",
            "version": "1.0.0-beta.3",
            "extraneous": true,
            "license": "Apache-2.0",
            "dependencies": {
                "axios": "^1.4.0",
                "bignumber.js": "^9.1.1",
                "buffer": "^6.0.3",
                "stellar-base": "v10.0.0-beta.3",
                "urijs": "^1.19.1"
            },
            "devDependencies": {
                "@babel/cli": "^7.22.15",
                "@babel/core": "^7.22.19",
                "@babel/eslint-parser": "^7.22.15",
                "@babel/eslint-plugin": "^7.22.10",
                "@babel/preset-env": "^7.22.15",
                "@babel/preset-typescript": "^7.22.15",
                "@babel/register": "^7.22.15",
                "@definitelytyped/dtslint": "^0.0.182",
                "@istanbuljs/nyc-config-babel": "3.0.0",
                "@stellar/tsconfig": "^1.0.2",
                "@types/chai": "^4.3.6",
                "@types/mocha": "^10.0.1",
                "@types/node": "^20.8.4",
                "@types/sinon": "^10.0.19",
                "@types/urijs": "^1.19.6",
                "@typescript-eslint/parser": "^6.7.5",
                "axios-mock-adapter": "^1.22.0",
                "babel-loader": "^9.1.2",
                "babel-plugin-istanbul": "^6.1.1",
                "chai": "^4.3.8",
                "chai-as-promised": "^7.1.1",
                "chai-http": "^4.4.0",
                "cross-env": "^7.0.3",
                "eslint": "^8.49.0",
                "eslint-config-airbnb-base": "^15.0.0",
                "eslint-config-prettier": "^9.0.0",
                "eslint-plugin-import": "^2.28.1",
                "eslint-plugin-node": "^11.1.0",
                "eslint-plugin-prefer-import": "^0.0.1",
                "eslint-plugin-prettier": "^5.0.0",
                "eslint-webpack-plugin": "^4.0.1",
                "ghooks": "^2.0.4",
                "husky": "^8.0.3",
                "jsdoc": "^4.0.2",
                "karma": "^6.4.2",
                "karma-chai": "^0.1.0",
                "karma-chrome-launcher": "^3.1.0",
                "karma-coverage": "^2.2.1",
                "karma-firefox-launcher": "^2.1.1",
                "karma-mocha": "^2.0.0",
                "karma-sinon-chai": "^2.0.2",
                "karma-webpack": "^5.0.0",
                "lint-staged": "^14.0.1",
                "minami": "^1.1.1",
                "mocha": "^10.2.0",
                "node-polyfill-webpack-plugin": "^2.0.1",
                "nyc": "^15.1.0",
                "prettier": "^3.0.2",
                "sinon": "^16.0.0",
                "sinon-chai": "^3.7.0",
                "taffydb": "^2.7.3",
                "terser-webpack-plugin": "^5.3.8",
                "ts-node": "^10.9.1",
                "typescript": "^5.1.6",
                "utility-types": "^3.7.0",
                "webpack": "^5.88.1",
                "webpack-cli": "^5.1.4"
            }
        },
        "../js-stellar-sdk": {
            "name": "stellar-sdk",
            "version": "11.0.0-beta.6",
            "license": "Apache-2.0",
            "dependencies": {
                "@haverstack/axios-fetch-adapter": "^0.8.0",
                "axios": "^0.21.1",
                "bignumber.js": "^9.1.2",
                "randombytes": "^2.1.0",
                "stellar-base": "10.0.0-beta.4",
                "toml": "^3.0.0",
                "urijs": "^1.19.1"
            },
            "devDependencies": {
                "@babel/cli": "^7.23.0",
                "@babel/core": "^7.23.0",
                "@babel/eslint-parser": "^7.22.15",
                "@babel/eslint-plugin": "^7.22.10",
                "@babel/preset-env": "^7.22.20",
                "@babel/preset-typescript": "^7.23.0",
                "@babel/register": "^7.22.15",
                "@definitelytyped/dtslint": "^0.0.189",
                "@istanbuljs/nyc-config-babel": "3.0.0",
                "@stellar/tsconfig": "^1.0.2",
                "@types/chai": "^4.3.6",
                "@types/detect-node": "^2.0.0",
                "@types/eventsource": "^1.1.15",
                "@types/lodash": "^4.14.199",
                "@types/mocha": "^10.0.2",
                "@types/node": "^20.8.10",
                "@types/randombytes": "^2.0.1",
                "@types/sinon": "^10.0.19",
                "@types/urijs": "^1.19.20",
                "@typescript-eslint/parser": "^6.9.1",
                "axios-mock-adapter": "^1.22.0",
                "babel-loader": "^9.1.3",
                "babel-plugin-istanbul": "^6.1.1",
                "buffer": "^6.0.3",
                "chai": "^4.3.10",
                "chai-as-promised": "^7.1.1",
                "chai-http": "^4.3.0",
                "cross-env": "^7.0.3",
                "eslint": "^8.50.0",
                "eslint-config-airbnb-base": "^15.0.0",
                "eslint-config-prettier": "^9.0.0",
                "eslint-plugin-import": "^2.28.1",
                "eslint-plugin-node": "^11.1.0",
                "eslint-plugin-prefer-import": "^0.0.1",
                "eslint-plugin-prettier": "^5.0.0",
                "eslint-webpack-plugin": "^4.0.1",
                "eventsource": "^2.0.2",
                "ghooks": "^2.0.4",
                "husky": "^8.0.3",
                "jsdoc": "^4.0.2",
                "karma": "^6.4.1",
                "karma-chai": "^0.1.0",
                "karma-chrome-launcher": "^3.1.0",
                "karma-coverage": "^2.2.1",
                "karma-firefox-launcher": "^2.1.1",
                "karma-mocha": "^2.0.0",
                "karma-sinon-chai": "^2.0.2",
                "karma-webpack": "^5.0.0",
                "lint-staged": "^14.0.1",
                "lodash": "^4.17.21",
                "minami": "^1.1.1",
                "mocha": "^10.2.0",
                "node-polyfill-webpack-plugin": "^2.0.1",
                "nyc": "^15.1.0",
                "prettier": "^3.0.3",
                "randombytes": "^2.1.0",
                "sinon": "^16.0.0",
                "sinon-chai": "^3.7.0",
                "taffydb": "^2.7.3",
                "terser-webpack-plugin": "^5.3.9",
                "ts-node": "^10.9.1",
                "typescript": "^5.2.2",
                "utility-types": "^3.7.0",
                "webpack": "^5.88.2",
                "webpack-cli": "^5.0.1"
            }
        },
        "node_modules/@stellar/freighter-api": {
            "version": "1.5.1",
            "resolved": "https://registry.npmjs.org/@stellar/freighter-api/-/freighter-api-1.5.1.tgz",
            "integrity": "sha512-WEnKEqd+xVLnOq6bJv+fLXod8JQyPjzpOKTpH4g7tG9MM1fmXzD3y2SXJlpCIw8kVqtiC4ynWOlSWX+TKO7KiQ=="
        },
        "node_modules/base64-js": {
            "version": "1.5.1",
            "resolved": "https://registry.npmjs.org/base64-js/-/base64-js-1.5.1.tgz",
            "integrity": "sha512-AKpaYlHn8t4SVbOHCy+b5+KKgvR4vrsD8vbvrbiQJps7fKDTkjkDry6ji0rUJjC0kzbNePLwzxq8iypo41qeWA==",
            "funding": [
                {
                    "type": "github",
                    "url": "https://github.com/sponsors/feross"
                },
                {
                    "type": "patreon",
                    "url": "https://www.patreon.com/feross"
                },
                {
                    "type": "consulting",
                    "url": "https://feross.org/support"
                }
            ]
        },
        "node_modules/buffer": {
            "version": "6.0.3",
            "resolved": "https://registry.npmjs.org/buffer/-/buffer-6.0.3.tgz",
            "integrity": "sha512-FTiCpNxtwiZZHEZbcbTIcZjERVICn9yq/pDFkTl95/AxzD1naBctN7YO68riM/gLSDY7sdrMby8hofADYuuqOA==",
            "funding": [
                {
                    "type": "github",
                    "url": "https://github.com/sponsors/feross"
                },
                {
                    "type": "patreon",
                    "url": "https://www.patreon.com/feross"
                },
                {
                    "type": "consulting",
                    "url": "https://feross.org/support"
                }
            ],
            "dependencies": {
                "base64-js": "^1.3.1",
                "ieee754": "^1.2.1"
            }
        },
        "node_modules/ieee754": {
            "version": "1.2.1",
            "resolved": "https://registry.npmjs.org/ieee754/-/ieee754-1.2.1.tgz",
            "integrity": "sha512-dcyqhDvX1C46lXZcVqCpK+FtMRQVdIMN6/Df5js2zouUsqG7I6sFxitIC+7KYK29KdXOLHdu9zL4sFnoVQnqaA==",
            "funding": [
                {
                    "type": "github",
                    "url": "https://github.com/sponsors/feross"
                },
                {
                    "type": "patreon",
                    "url": "https://www.patreon.com/feross"
                },
                {
                    "type": "consulting",
                    "url": "https://feross.org/support"
                }
            ]
        },
        "node_modules/stellar-sdk": {
            "resolved": "../js-stellar-sdk",
            "link": true
        },
        "node_modules/typescript": {
            "version": "5.1.6",
            "resolved": "https://registry.npmjs.org/typescript/-/typescript-5.1.6.tgz",
            "integrity": "sha512-zaWCozRZ6DLEWAWFrVDz1H6FVXzUSfTy5FUMWsQlU8Ym5JP9eO4xkTIROFCQvhQf61z6O/G6ugw3SgAnvvm+HA==",
            "dev": true,
            "bin": {
                "tsc": "bin/tsc",
                "tsserver": "bin/tsserver"
            },
            "engines": {
                "node": ">=14.17"
            }
        }
    }
}
